
Microsoft Visual Studio Solution File, Format Version 11.00
# Visual Studio 2010
Project("{FAE04EC0-301F-11D3-BF4B-00C04F79EFBC}") = "Raven.AspNet.SessionState", "Raven.AspNet.SessionState\Raven.AspNet.SessionState.csproj", "{EE671708-CC0E-4E48-8511-820109440610}"
EndProject
Global
	GlobalSection(SolutionConfigurationPlatforms) = preSolution
		Debug|Any CPU = Debug|Any CPU
		Release|Any CPU = Release|Any CPU
	EndGlobalSection
	GlobalSection(ProjectConfigurationPlatforms) = postSolution
		{EE671708-CC0E-4E48-8511-820109440610}.Debug|Any CPU.ActiveCfg = Debug|Any CPU
		{EE671708-CC0E-4E48-8511-820109440610}.Debug|Any CPU.Build.0 = Debug|Any CPU
		{EE671708-CC0E-4E48-8511-820109440610}.Release|Any CPU.ActiveCfg = Release|Any CPU
		{EE671708-CC0E-4E48-8511-820109440610}.Release|Any CPU.Build.0 = Release|Any CPU
	EndGlobalSection
	GlobalSection(SolutionProperties) = preSolution
		HideSolutionNode = FALSE
	EndGlobalSection
EndGlobal
