
Microsoft Visual Studio Solution File, Format Version 12.00
# Visual Studio 2012
Project("{FAE04EC0-301F-11D3-BF4B-00C04F79EFBC}") = "RavenDbSessionStateSample", "RavenDbSessionStateSample\RavenDbSessionStateSample.csproj", "{AF3E623C-C897-4B0F-8E8A-383A663C7831}"
EndProject
Project("{2150E333-8FDC-42A3-9474-1A3956D46DE8}") = ".nuget", ".nuget", "{46A7535C-8AA1-4EF5-B264-937B6017445D}"
EndProject
Global
	GlobalSection(SolutionConfigurationPlatforms) = preSolution
		Debug|Any CPU = Debug|Any CPU
		Release|Any CPU = Release|Any CPU
	EndGlobalSection
	GlobalSection(ProjectConfigurationPlatforms) = postSolution
		{AF3E623C-C897-4B0F-8E8A-383A663C7831}.Debug|Any CPU.ActiveCfg = Debug|Any CPU
		{AF3E623C-C897-4B0F-8E8A-383A663C7831}.Debug|Any CPU.Build.0 = Debug|Any CPU
		{AF3E623C-C897-4B0F-8E8A-383A663C7831}.Release|Any CPU.ActiveCfg = Release|Any CPU
		{AF3E623C-C897-4B0F-8E8A-383A663C7831}.Release|Any CPU.Build.0 = Release|Any CPU
	EndGlobalSection
	GlobalSection(SolutionProperties) = preSolution
		HideSolutionNode = FALSE
	EndGlobalSection
EndGlobal
